Microsoft Visual Studio Solution File, Format Version 12.00
# Visual Studio 2012
Project("{FAE04EC0-301F-11D3-BF4B-00C04F79EFBC}") = "Lunette Lander", "Lunette Lander.csproj", "{DE197804-D645-4E0D-85E3-2FFAE01484AE}"
EndProject
Global
	GlobalSection(SolutionConfigurationPlatforms) = preSolution
	Debug|Any CPU = Debug|Any CPU
	ExportDebug|Any CPU = ExportDebug|Any CPU
	ExportRelease|Any CPU = ExportRelease|Any CPU
	EndGlobalSection
	GlobalSection(ProjectConfigurationPlatforms) = postSolution
		{DE197804-D645-4E0D-85E3-2FFAE01484AE}.Debug|Any CPU.ActiveCfg = Debug|Any CPU
		{DE197804-D645-4E0D-85E3-2FFAE01484AE}.Debug|Any CPU.Build.0 = Debug|Any CPU
		{DE197804-D645-4E0D-85E3-2FFAE01484AE}.ExportDebug|Any CPU.ActiveCfg = ExportDebug|Any CPU
		{DE197804-D645-4E0D-85E3-2FFAE01484AE}.ExportDebug|Any CPU.Build.0 = ExportDebug|Any CPU
		{DE197804-D645-4E0D-85E3-2FFAE01484AE}.ExportRelease|Any CPU.ActiveCfg = ExportRelease|Any CPU
		{DE197804-D645-4E0D-85E3-2FFAE01484AE}.ExportRelease|Any CPU.Build.0 = ExportRelease|Any CPU
	EndGlobalSection
EndGlobal
